// !$*UTF8*$!
{
	archiveVersion = 1;
	classes = {
	};
	objectVersion = 46;
	objects = {

/* Begin PBXBuildFile section */
		FB069AF71BB7DEEB00DBEC77 /* AppDelegate.swift in Sources */ = {isa = PBXBuildFile; fileRef = FB069AF61BB7DEEB00DBEC77 /* AppDelegate.swift */; };
		FB069AF91BB7DEEB00DBEC77 /* ViewController.swift in Sources */ = {isa = PBXBuildFile; fileRef = FB069AF81BB7DEEB00DBEC77 /* ViewController.swift */; };
		FB069AFC1BB7DEEB00DBEC77 /* Main.storyboard in Resources */ = {isa = PBXBuildFile; fileRef = FB069AFA1BB7DEEB00DBEC77 /* Main.storyboard */; };
		FB069AFF1BB7DEEC00DBEC77 /* BeaconPrototype.xcdatamodeld in Sources */ = {isa = PBXBuildFile; fileRef = FB069AFD1BB7DEEC00DBEC77 /* BeaconPrototype.xcdatamodeld */; };
		FB069B011BB7DEEC00DBEC77 /* Assets.xcassets in Resources */ = {isa = PBXBuildFile; fileRef = FB069B001BB7DEEC00DBEC77 /* Assets.xcassets */; };
		FB069B041BB7DEEC00DBEC77 /* LaunchScreen.storyboard in Resources */ = {isa = PBXBuildFile; fileRef = FB069B021BB7DEEC00DBEC77 /* LaunchScreen.storyboard */; };
		FB069B0F1BB7DEEC00DBEC77 /* BeaconPrototypeTests.swift in Sources */ = {isa = PBXBuildFile; fileRef = FB069B0E1BB7DEEC00DBEC77 /* BeaconPrototypeTests.swift */; };
		FB069B1A1BB7DEEC00DBEC77 /* BeaconPrototypeUITests.swift in Sources */ = {isa = PBXBuildFile; fileRef = FB069B191BB7DEEC00DBEC77 /* BeaconPrototypeUITests.swift */; };
/* End PBXBuildFile section */

/* Begin PBXContainerItemProxy section */
		FB069B0B1BB7DEEC00DBEC77 /* PBXContainerItemProxy */ = {
			isa = PBXContainerItemProxy;
			containerPortal = FB069AEB1BB7DEEB00DBEC77 /* Project object */;
			proxyType = 1;
			remoteGlobalIDString = FB069AF21BB7DEEB00DBEC77;
			remoteInfo = BeaconPrototype;
		};
		FB069B161BB7DEEC00DBEC77 /* PBXContainerItemProxy */ = {
			isa = PBXContainerItemProxy;
			containerPortal = FB069AEB1BB7DEEB00DBEC77 /* Project object */;
			proxyType = 1;
			remoteGlobalIDString = FB069AF21BB7DEEB00DBEC77;
			remoteInfo = BeaconPrototype;
		};
/* End PBXContainerItemProxy section */

/* Begin PBXFileReference section */
		FB069AF31BB7DEEB00DBEC77 /* BeaconPrototype.app */ = {isa = PBXFileReference; explicitFileType = wrapper.application; includeInIndex = 0; path = BeaconPrototype.app; sourceTree = BUILT_PRODUCTS_DIR; };
		FB069AF61BB7DEEB00DBEC77 /* AppDelegate.swift */ = {isa = PBXFileReference; lastKnownFileType = sourcecode.swift; path = AppDelegate.swift; sourceTree = "<group>"; };
		FB069AF81BB7DEEB00DBEC77 /* ViewController.swift */ = {isa = PBXFileReference; lastKnownFileType = sourcecode.swift; path = ViewController.swift; sourceTree = "<group>"; };
		FB069AFB1BB7DEEB00DBEC77 /* Base */ = {isa = PBXFileReference; lastKnownFileType = file.storyboard; name = Base; path = Base.lproj/Main.storyboard; sourceTree = "<group>"; };
		FB069AFE1BB7DEEC00DBEC77 /* BeaconPrototype.xcdatamodel */ = {isa = PBXFileReference; lastKnownFileType = wrapper.xcdatamodel; path = BeaconPrototype.xcdatamodel; sourceTree = "<group>"; };
		FB069B001BB7DEEC00DBEC77 /* Assets.xcassets */ = {isa = PBXFileReference; lastKnownFileType = folder.assetcatalog; path = Assets.xcassets; sourceTree = "<group>"; };
		FB069B031BB7DEEC00DBEC77 /* Base */ = {isa = PBXFileReference; lastKnownFileType = file.storyboard; name = Base; path = Base.lproj/LaunchScreen.storyboard; sourceTree = "<group>"; };
		FB069B051BB7DEEC00DBEC77 /* Info.plist */ = {isa = PBXFileReference; lastKnownFileType = text.plist.xml; path = Info.plist; sourceTree = "<group>"; };
		FB069B0A1BB7DEEC00DBEC77 /* BeaconPrototypeTests.xctest */ = {isa = PBXFileReference; explicitFileType = wrapper.cfbundle; includeInIndex = 0; path = BeaconPrototypeTests.xctest; sourceTree = BUILT_PRODUCTS_DIR; };
		FB069B0E1BB7DEEC00DBEC77 /* BeaconPrototypeTests.swift */ = {isa = PBXFileReference; lastKnownFileType = sourcecode.swift; path = BeaconPrototypeTests.swift; sourceTree = "<group>"; };
		FB069B101BB7DEEC00DBEC77 /* Info.plist */ = {isa = PBXFileReference; lastKnownFileType = text.plist.xml; path = Info.plist; sourceTree = "<group>"; };
		FB069B151BB7DEEC00DBEC77 /* BeaconPrototypeUITests.xctest */ = {isa = PBXFileReference; explicitFileType = wrapper.cfbundle; includeInIndex = 0; path = BeaconPrototypeUITests.xctest; sourceTree = BUILT_PRODUCTS_DIR; };
		FB069B191BB7DEEC00DBEC77 /* BeaconPrototypeUITests.swift */ = {isa = PBXFileReference; lastKnownFileType = sourcecode.swift; path = BeaconPrototypeUITests.swift; sourceTree = "<group>"; };
		FB069B1B1BB7DEEC00DBEC77 /* Info.plist */ = {isa = PBXFileReference; lastKnownFileType = text.plist.xml; path = Info.plist; sourceTree = "<group>"; };
/* End PBXFileReference section */

/* Begin PBXFrameworksBuildPhase section */
		FB069AF01BB7DEEB00DBEC77 /* Frameworks */ = {
			isa = PBXFrameworksBuildPhase;
			buildActionMask = 2147483647;
			files = (
			);
			runOnlyForDeploymentPostprocessing = 0;
		};
		FB069B071BB7DEEC00DBEC77 /* Frameworks */ = {
			isa = PBXFrameworksBuildPhase;
			buildActionMask = 2147483647;
			files = (
			);
			runOnlyForDeploymentPostprocessing = 0;
		};
		FB069B121BB7DEEC00DBEC77 /* Frameworks */ = {
			isa = PBXFrameworksBuildPhase;
			buildActionMask = 2147483647;
			files = (
			);
			runOnlyForDeploymentPostprocessing = 0;
		};
/* End PBXFrameworksBuildPhase section */

/* Begin PBXGroup section */
		FB069AEA1BB7DEEB00DBEC77 = {
			isa = PBXGroup;
			children = (
				FB069AF51BB7DEEB00DBEC77 /* BeaconPrototype */,
				FB069B0D1BB7DEEC00DBEC77 /* BeaconPrototypeTests */,
				FB069B181BB7DEEC00DBEC77 /* BeaconPrototypeUITests */,
				FB069AF41BB7DEEB00DBEC77 /* Products */,
			);
			sourceTree = "<group>";
		};
		FB069AF41BB7DEEB00DBEC77 /* Products */ = {
			isa = PBXGroup;
			children = (
				FB069AF31BB7DEEB00DBEC77 /* BeaconPrototype.app */,
				FB069B0A1BB7DEEC00DBEC77 /* BeaconPrototypeTests.xctest */,
				FB069B151BB7DEEC00DBEC77 /* BeaconPrototypeUITests.xctest */,
			);
			name = Products;
			sourceTree = "<group>";
		};
		FB069AF51BB7DEEB00DBEC77 /* BeaconPrototype */ = {
			isa = PBXGroup;
			children = (
				FB069AF61BB7DEEB00DBEC77 /* AppDelegate.swift */,
				FB069AF81BB7DEEB00DBEC77 /* ViewController.swift */,
				FB069AFA1BB7DEEB00DBEC77 /* Main.storyboard */,
				FB069B001BB7DEEC00DBEC77 /* Assets.xcassets */,
				FB069B021BB7DEEC00DBEC77 /* LaunchScreen.storyboard */,
				FB069B051BB7DEEC00DBEC77 /* Info.plist */,
				FB069AFD1BB7DEEC00DBEC77 /* BeaconPrototype.xcdatamodeld */,
			);
			path = BeaconPrototype;
			sourceTree = "<group>";
		};
		FB069B0D1BB7DEEC00DBEC77 /* BeaconPrototypeTests */ = {
			isa = PBXGroup;
			children = (
				FB069B0E1BB7DEEC00DBEC77 /* BeaconPrototypeTests.swift */,
				FB069B101BB7DEEC00DBEC77 /* Info.plist */,
			);
			path = BeaconPrototypeTests;
			sourceTree = "<group>";
		};
		FB069B181BB7DEEC00DBEC77 /* BeaconPrototypeUITests */ = {
			isa = PBXGroup;
			children = (
				FB069B191BB7DEEC00DBEC77 /* BeaconPrototypeUITests.swift */,
				FB069B1B1BB7DEEC00DBEC77 /* Info.plist */,
			);
			path = BeaconPrototypeUITests;
			sourceTree = "<group>";
		};
/* End PBXGroup section */

/* Begin PBXNativeTarget section */
		FB069AF21BB7DEEB00DBEC77 /* BeaconPrototype */ = {
			isa = PBXNativeTarget;
			buildConfigurationList = FB069B1E1BB7DEEC00DBEC77 /* Build configuration list for PBXNativeTarget "BeaconPrototype" */;
			buildPhases = (
				FB069AEF1BB7DEEB00DBEC77 /* Sources */,
				FB069AF01BB7DEEB00DBEC77 /* Frameworks */,
				FB069AF11BB7DEEB00DBEC77 /* Resources */,
			);
			buildRules = (
			);
			dependencies = (
			);
			name = BeaconPrototype;
			productName = BeaconPrototype;
			productReference = FB069AF31BB7DEEB00DBEC77 /* BeaconPrototype.app */;
			productType = "com.apple.product-type.application";
		};
		FB069B091BB7DEEC00DBEC77 /* BeaconPrototypeTests */ = {
			isa = PBXNativeTarget;
			buildConfigurationList = FB069B211BB7DEEC00DBEC77 /* Build configuration list for PBXNativeTarget "BeaconPrototypeTests" */;
			buildPhases = (
				FB069B061BB7DEEC00DBEC77 /* Sources */,
				FB069B071BB7DEEC00DBEC77 /* Frameworks */,
				FB069B081BB7DEEC00DBEC77 /* Resources */,
			);
			buildRules = (
			);
			dependencies = (
				FB069B0C1BB7DEEC00DBEC77 /* PBXTargetDependency */,
			);
			name = BeaconPrototypeTests;
			productName = BeaconPrototypeTests;
			productReference = FB069B0A1BB7DEEC00DBEC77 /* BeaconPrototypeTests.xctest */;
			productType = "com.apple.product-type.bundle.unit-test";
		};
		FB069B141BB7DEEC00DBEC77 /* BeaconPrototypeUITests */ = {
			isa = PBXNativeTarget;
			buildConfigurationList = FB069B241BB7DEEC00DBEC77 /* Build configuration list for PBXNativeTarget "BeaconPrototypeUITests" */;
			buildPhases = (
				FB069B111BB7DEEC00DBEC77 /* Sources */,
				FB069B121BB7DEEC00DBEC77 /* Frameworks */,
				FB069B131BB7DEEC00DBEC77 /* Resources */,
			);
			buildRules = (
			);
			dependencies = (
				FB069B171BB7DEEC00DBEC77 /* PBXTargetDependency */,
			);
			name = BeaconPrototypeUITests;
			productName = BeaconPrototypeUITests;
			productReference = FB069B151BB7DEEC00DBEC77 /* BeaconPrototypeUITests.xctest */;
			productType = "com.apple.product-type.bundle.ui-testing";
		};
/* End PBXNativeTarget section */

/* Begin PBXProject section */
		FB069AEB1BB7DEEB00DBEC77 /* Project object */ = {
			isa = PBXProject;
			attributes = {
				LastUpgradeCheck = 0700;
				ORGANIZATIONNAME = K;
				TargetAttributes = {
					FB069AF21BB7DEEB00DBEC77 = {
						CreatedOnToolsVersion = 7.0;
					};
					FB069B091BB7DEEC00DBEC77 = {
						CreatedOnToolsVersion = 7.0;
						TestTargetID = FB069AF21BB7DEEB00DBEC77;
					};
					FB069B141BB7DEEC00DBEC77 = {
						CreatedOnToolsVersion = 7.0;
						TestTargetID = FB069AF21BB7DEEB00DBEC77;
					};
				};
			};
			buildConfigurationList = FB069AEE1BB7DEEB00DBEC77 /* Build configuration list for PBXProject "BeaconPrototype" */;
			compatibilityVersion = "Xcode 3.2";
			developmentRegion = English;
			hasScannedForEncodings = 0;
			knownRegions = (
				en,
				Base,
			);
			mainGroup = FB069AEA1BB7DEEB00DBEC77;
			productRefGroup = FB069AF41BB7DEEB00DBEC77 /* Products */;
			projectDirPath = "";
			projectRoot = "";
			targets = (
				FB069AF21BB7DEEB00DBEC77 /* BeaconPrototype */,
				FB069B091BB7DEEC00DBEC77 /* BeaconPrototypeTests */,
				FB069B141BB7DEEC00DBEC77 /* BeaconPrototypeUITests */,
			);
		};
/* End PBXProject section */

/* Begin PBXResourcesBuildPhase section */
		FB069AF11BB7DEEB00DBEC77 /* Resources */ = {
			isa = PBXResourcesBuildPhase;
			buildActionMask = 2147483647;
			files = (
				FB069B041BB7DEEC00DBEC77 /* LaunchScreen.storyboard in Resources */,
				FB069B011BB7DEEC00DBEC77 /* Assets.xcassets in Resources */,
				FB069AFC1BB7DEEB00DBEC77 /* Main.storyboard in Resources */,
			);
			runOnlyForDeploymentPostprocessing = 0;
		};
		FB069B081BB7DEEC00DBEC77 /* Resources */ = {
			isa = PBXResourcesBuildPhase;
			buildActionMask = 2147483647;
			files = (
			);
			runOnlyForDeploymentPostprocessing = 0;
		};
		FB069B131BB7DEEC00DBEC77 /* Resources */ = {
			isa = PBXResourcesBuildPhase;
			buildActionMask = 2147483647;
			files = (
			);
			runOnlyForDeploymentPostprocessing = 0;
		};
/* End PBXResourcesBuildPhase section */

/* Begin PBXSourcesBuildPhase section */
		FB069AEF1BB7DEEB00DBEC77 /* Sources */ = {
			isa = PBXSourcesBuildPhase;
			buildActionMask = 2147483647;
			files = (
				FB069AF91BB7DEEB00DBEC77 /* ViewController.swift in Sources */,
				FB069AF71BB7DEEB00DBEC77 /* AppDelegate.swift in Sources */,
				FB069AFF1BB7DEEC00DBEC77 /* BeaconPrototype.xcdatamodeld in Sources */,
			);
			runOnlyForDeploymentPostprocessing = 0;
		};
		FB069B061BB7DEEC00DBEC77 /* Sources */ = {
			isa = PBXSourcesBuildPhase;
			buildActionMask = 2147483647;
			files = (
				FB069B0F1BB7DEEC00DBEC77 /* BeaconPrototypeTests.swift in Sources */,
			);
			runOnlyForDeploymentPostprocessing = 0;
		};
		FB069B111BB7DEEC00DBEC77 /* Sources */ = {
			isa = PBXSourcesBuildPhase;
			buildActionMask = 2147483647;
			files = (
				FB069B1A1BB7DEEC00DBEC77 /* BeaconPrototypeUITests.swift in Sources */,
			);
			runOnlyForDeploymentPostprocessing = 0;
		};
/* End PBXSourcesBuildPhase section */

/* Begin PBXTargetDependency section */
		FB069B0C1BB7DEEC00DBEC77 /* PBXTargetDependency */ = {
			isa = PBXTargetDependency;
			target = FB069AF21BB7DEEB00DBEC77 /* BeaconPrototype */;
			targetProxy = FB069B0B1BB7DEEC00DBEC77 /* PBXContainerItemProxy */;
		};
		FB069B171BB7DEEC00DBEC77 /* PBXTargetDependency */ = {
			isa = PBXTargetDependency;
			target = FB069AF21BB7DEEB00DBEC77 /* BeaconPrototype */;
			targetProxy = FB069B161BB7DEEC00DBEC77 /* PBXContainerItemProxy */;
		};
/* End PBXTargetDependency section */

/* Begin PBXVariantGroup section */
		FB069AFA1BB7DEEB00DBEC77 /* Main.storyboard */ = {
			isa = PBXVariantGroup;
			children = (
				FB069AFB1BB7DEEB00DBEC77 /* Base */,
			);
			name = Main.storyboard;
			sourceTree = "<group>";
		};
		FB069B021BB7DEEC00DBEC77 /* LaunchScreen.storyboard */ = {
			isa = PBXVariantGroup;
			children = (
				FB069B031BB7DEEC00DBEC77 /* Base */,
			);
			name = LaunchScreen.storyboard;
			sourceTree = "<group>";
		};
/* End PBXVariantGroup section */

/* Begin XCBuildConfiguration section */
		FB069B1C1BB7DEEC00DBEC77 /* Debug */ = {
			isa = XCBuildConfiguration;
			buildSettings = {
				ALWAYS_SEARCH_USER_PATHS = NO;
				CLANG_CXX_LANGUAGE_STANDARD = "gnu++0x";
				CLANG_CXX_LIBRARY = "libc++";
				CLANG_ENABLE_MODULES = YES;
				CLANG_ENABLE_OBJC_ARC = YES;
				CLANG_WARN_BOOL_CONVERSION = YES;
				CLANG_WARN_CONSTANT_CONVERSION = YES;
				CLANG_WARN_DIRECT_OBJC_ISA_USAGE = YES_ERROR;
				CLANG_WARN_EMPTY_BODY = YES;
				CLANG_WARN_ENUM_CONVERSION = YES;
				CLANG_WARN_INT_CONVERSION = YES;
				CLANG_WARN_OBJC_ROOT_CLASS = YES_ERROR;
				CLANG_WARN_UNREACHABLE_CODE = YES;
				CLANG_WARN__DUPLICATE_METHOD_MATCH = YES;
				"CODE_SIGN_IDENTITY[sdk=iphoneos*]" = "iPhone Developer";
				COPY_PHASE_STRIP = NO;
				DEBUG_INFORMATION_FORMAT = dwarf;
				ENABLE_STRICT_OBJC_MSGSEND = YES;
				ENABLE_TESTABILITY = YES;
				GCC_C_LANGUAGE_STANDARD = gnu99;
				GCC_DYNAMIC_NO_PIC = NO;
				GCC_NO_COMMON_BLOCKS = YES;
				GCC_OPTIMIZATION_LEVEL = 0;
				GCC_PREPROCESSOR_DEFINITIONS = (
					"DEBUG=1",
					"$(inherited)",
				);
				GCC_WARN_64_TO_32_BIT_CONVERSION = YES;
				GCC_WARN_ABOUT_RETURN_TYPE = YES_ERROR;
				GCC_WARN_UNDECLARED_SELECTOR = YES;
				GCC_WARN_UNINITIALIZED_AUTOS = YES_AGGRESSIVE;
				GCC_WARN_UNUSED_FUNCTION = YES;
				GCC_WARN_UNUSED_VARIABLE = YES;
				IPHONEOS_DEPLOYMENT_TARGET = 9.0;
				MTL_ENABLE_DEBUG_INFO = YES;
				ONLY_ACTIVE_ARCH = YES;
				SDKROOT = iphoneos;
				SWIFT_OPTIMIZATION_LEVEL = "-Onone";
			};
			name = Debug;
		};
		FB069B1D1BB7DEEC00DBEC77 /* Release */ = {
			isa = XCBuildConfiguration;
			buildSettings = {
				ALWAYS_SEARCH_USER_PATHS = NO;
				CLANG_CXX_LANGUAGE_STANDARD = "gnu++0x";
				CLANG_CXX_LIBRARY = "libc++";
				CLANG_ENABLE_MODULES = YES;
				CLANG_ENABLE_OBJC_ARC = YES;
				CLANG_WARN_BOOL_CONVERSION = YES;
				CLANG_WARN_CONSTANT_CONVERSION = YES;
				CLANG_WARN_DIRECT_OBJC_ISA_USAGE = YES_ERROR;
				CLANG_WARN_EMPTY_BODY = YES;
				CLANG_WARN_ENUM_CONVERSION = YES;
				CLANG_WARN_INT_CONVERSION = YES;
				CLANG_WARN_OBJC_ROOT_CLASS = YES_ERROR;
				CLANG_WARN_UNREACHABLE_CODE = YES;
				CLANG_WARN__DUPLICATE_METHOD_MATCH = YES;
				"CODE_SIGN_IDENTITY[sdk=iphoneos*]" = "iPhone Developer";
				COPY_PHASE_STRIP = NO;
				DEBUG_INFORMATION_FORMAT = "dwarf-with-dsym";
				ENABLE_NS_ASSERTIONS = NO;
				ENABLE_STRICT_OBJC_MSGSEND = YES;
				GCC_C_LANGUAGE_STANDARD = gnu99;
				GCC_NO_COMMON_BLOCKS = YES;
				GCC_WARN_64_TO_32_BIT_CONVERSION = YES;
				GCC_WARN_ABOUT_RETURN_TYPE = YES_ERROR;
				GCC_WARN_UNDECLARED_SELECTOR = YES;
				GCC_WARN_UNINITIALIZED_AUTOS = YES_AGGRESSIVE;
				GCC_WARN_UNUSED_FUNCTION = YES;
				GCC_WARN_UNUSED_VARIABLE = YES;
				IPHONEOS_DEPLOYMENT_TARGET = 9.0;
				MTL_ENABLE_DEBUG_INFO = NO;
				SDKROOT = iphoneos;
				VALIDATE_PRODUCT = YES;
			};
			name = Release;
		};
		FB069B1F1BB7DEEC00DBEC77 /* Debug */ = {
			isa = XCBuildConfiguration;
			buildSettings = {
				ASSETCATALOG_COMPILER_APPICON_NAME = AppIcon;
				INFOPLIST_FILE = BeaconPrototype/Info.plist;
				LD_RUNPATH_SEARCH_PATHS = "$(inherited) @executable_path/Frameworks";
				PRODUCT_BUNDLE_IDENTIFIER = K.BeaconPrototype;
				PRODUCT_NAME = "$(TARGET_NAME)";
			};
			name = Debug;
		};
		FB069B201BB7DEEC00DBEC77 /* Release */ = {
			isa = XCBuildConfiguration;
			buildSettings = {
				ASSETCATALOG_COMPILER_APPICON_NAME = AppIcon;
				INFOPLIST_FILE = BeaconPrototype/Info.plist;
				LD_RUNPATH_SEARCH_PATHS = "$(inherited) @executable_path/Frameworks";
				PRODUCT_BUNDLE_IDENTIFIER = K.BeaconPrototype;
				PRODUCT_NAME = "$(TARGET_NAME)";
			};
			name = Release;
		};
		FB069B221BB7DEEC00DBEC77 /* Debug */ = {
			isa = XCBuildConfiguration;
			buildSettings = {
				BUNDLE_LOADER = "$(TEST_HOST)";
				INFOPLIST_FILE = BeaconPrototypeTests/Info.plist;
				LD_RUNPATH_SEARCH_PATHS = "$(inherited) @executable_path/Frameworks @loader_path/Frameworks";
				PRODUCT_BUNDLE_IDENTIFIER = K.BeaconPrototypeTests;
				PRODUCT_NAME = "$(TARGET_NAME)";
				TEST_HOST = "$(BUILT_PRODUCTS_DIR)/BeaconPrototype.app/BeaconPrototype";
			};
			name = Debug;
		};
		FB069B231BB7DEEC00DBEC77 /* Release */ = {
			isa = XCBuildConfiguration;
			buildSettings = {
				BUNDLE_LOADER = "$(TEST_HOST)";
				INFOPLIST_FILE = BeaconPrototypeTests/Info.plist;
				LD_RUNPATH_SEARCH_PATHS = "$(inherited) @executable_path/Frameworks @loader_path/Frameworks";
				PRODUCT_BUNDLE_IDENTIFIER = K.BeaconPrototypeTests;
				PRODUCT_NAME = "$(TARGET_NAME)";
				TEST_HOST = "$(BUILT_PRODUCTS_DIR)/BeaconPrototype.app/BeaconPrototype";
			};
			name = Release;
		};
		FB069B251BB7DEEC00DBEC77 /* Debug */ = {
			isa = XCBuildConfiguration;
			buildSettings = {
				INFOPLIST_FILE = BeaconPrototypeUITests/Info.plist;
				LD_RUNPATH_SEARCH_PATHS = "$(inherited) @executable_path/Frameworks @loader_path/Frameworks";
				PRODUCT_BUNDLE_IDENTIFIER = K.BeaconPrototypeUITests;
				PRODUCT_NAME = "$(TARGET_NAME)";
				TEST_TARGET_NAME = BeaconPrototype;
				USES_XCTRUNNER = YES;
			};
			name = Debug;
		};
		FB069B261BB7DEEC00DBEC77 /* Release */ = {
			isa = XCBuildConfiguration;
			buildSettings = {
				INFOPLIST_FILE = BeaconPrototypeUITests/Info.plist;
				LD_RUNPATH_SEARCH_PATHS = "$(inherited) @executable_path/Frameworks @loader_path/Frameworks";
				PRODUCT_BUNDLE_IDENTIFIER = K.BeaconPrototypeUITests;
				PRODUCT_NAME = "$(TARGET_NAME)";
				TEST_TARGET_NAME = BeaconPrototype;
				USES_XCTRUNNER = YES;
			};
			name = Release;
		};
/* End XCBuildConfiguration section */

/* Begin XCConfigurationList section */
		FB069AEE1BB7DEEB00DBEC77 /* Build configuration list for PBXProject "BeaconPrototype" */ = {
			isa = XCConfigurationList;
			buildConfigurations = (
				FB069B1C1BB7DEEC00DBEC77 /* Debug */,
				FB069B1D1BB7DEEC00DBEC77 /* Release */,
			);
			defaultConfigurationIsVisible = 0;
			defaultConfigurationName = Release;
		};
		FB069B1E1BB7DEEC00DBEC77 /* Build configuration list for PBXNativeTarget "BeaconPrototype" */ = {
			isa = XCConfigurationList;
			buildConfigurations = (
				FB069B1F1BB7DEEC00DBEC77 /* Debug */,
				FB069B201BB7DEEC00DBEC77 /* Release */,
			);
			defaultConfigurationIsVisible = 0;
		};
		FB069B211BB7DEEC00DBEC77 /* Build configuration list for PBXNativeTarget "BeaconPrototypeTests" */ = {
			isa = XCConfigurationList;
			buildConfigurations = (
				FB069B221BB7DEEC00DBEC77 /* Debug */,
				FB069B231BB7DEEC00DBEC77 /* Release */,
			);
			defaultConfigurationIsVisible = 0;
		};
		FB069B241BB7DEEC00DBEC77 /* Build configuration list for PBXNativeTarget "BeaconPrototypeUITests" */ = {
			isa = XCConfigurationList;
			buildConfigurations = (
				FB069B251BB7DEEC00DBEC77 /* Debug */,
				FB069B261BB7DEEC00DBEC77 /* Release */,
			);
			defaultConfigurationIsVisible = 0;
		};
/* End XCConfigurationList section */

/* Begin XCVersionGroup section */
		FB069AFD1BB7DEEC00DBEC77 /* BeaconPrototype.xcdatamodeld */ = {
			isa = XCVersionGroup;
			children = (
				FB069AFE1BB7DEEC00DBEC77 /* BeaconPrototype.xcdatamodel */,
			);
			currentVersion = FB069AFE1BB7DEEC00DBEC77 /* BeaconPrototype.xcdatamodel */;
			path = BeaconPrototype.xcdatamodeld;
			sourceTree = "<group>";
			versionGroupType = wrapper.xcdatamodel;
		};
/* End XCVersionGroup section */
	};
	rootObject = FB069AEB1BB7DEEB00DBEC77 /* Project object */;
}
